<?xml version="1.0" encoding="utf-8"?>
<Project ToolsVersion="4.0" xmlns="http://schemas.microsoft.com/developer/msbuild/2003">
  <ItemGroup>
    <ClCompile Include="Source.cpp" />
    <ClCompile Include="Window\AppWindow.cpp">
      <Filter>window</Filter>
    </ClCompile>
  </ItemGroup>
  <ItemGroup>
    <ClInclude Include="Window\App.h">
      <Filter>window</Filter>
    </ClInclude>
    <ClInclude Include="Window\AppWindow.h">
      <Filter>window</Filter>
    </ClInclude>
    <ClInclude Include="Window\WindowPtr.h">
      <Filter>window</Filter>
    </ClInclude>
    <ClInclude Include="cppvk\vk.h">
      <Filter>cppvk</Filter>
    </ClInclude>
    <ClInclude Include="cppvk\destroy.h">
      <Filter>cppvk</Filter>
    </ClInclude>
    <ClInclude Include="cppvk\objects\instance.h">
      <Filter>cppvk\objects</Filter>
    </ClInclude>
    <ClInclude Include="cppvk\objects\object.h">
      <Filter>cppvk\objects</Filter>
    </ClInclude>
    <ClInclude Include="cppvk\builders\instancebuilder.h">
      <Filter>cppvk\builders</Filter>
    </ClInclude>
    <ClInclude Include="cppvk\objects\debugutilsmessenger.h">
      <Filter>cppvk\objects</Filter>
    </ClInclude>
    <ClInclude Include="cppvk\builders\debugutilsmessengerbuilder.h">
      <Filter>cppvk\builders</Filter>
    </ClInclude>
    <ClInclude Include="cppvk\builders\Ibuilder.h">
      <Filter>cppvk\builders</Filter>
    </ClInclude>
    <ClInclude Include="cppvk\objects\surface.h">
      <Filter>cppvk\objects</Filter>
    </ClInclude>
    <ClInclude Include="cppvk\builders\surfacebuilder.h">
      <Filter>cppvk\builders</Filter>
    </ClInclude>
    <ClInclude Include="cppvk\physicaldevice\physicaldevice.h">
      <Filter>cppvk\physicaldevice</Filter>
    </ClInclude>
    <ClInclude Include="cppvk\physicaldevice\physicaldevicedetails.h">
      <Filter>cppvk\physicaldevice</Filter>
    </ClInclude>
    <ClInclude Include="cppvk\physicaldevice\surfacedetails.h">
      <Filter>cppvk\physicaldevice</Filter>
    </ClInclude>
    <ClInclude Include="cppvk\builders\logicaldevicebuilder.h">
      <Filter>cppvk\builders</Filter>
    </ClInclude>
    <ClInclude Include="cppvk\objects\logicaldevice.h">
      <Filter>cppvk\objects</Filter>
    </ClInclude>
    <ClInclude Include="cppvk\info\devicequeueinfo.h">
      <Filter>cppvk\info</Filter>
    </ClInclude>
    <ClInclude Include="cppvk\info\info.h">
      <Filter>cppvk\info</Filter>
    </ClInclude>
    <ClInclude Include="cppvk\allocator\allocator.h">
      <Filter>cppvk\allocator</Filter>
    </ClInclude>
    <ClInclude Include="cppvk\builders\commandpoolbuilder.h">
      <Filter>cppvk\builders</Filter>
    </ClInclude>
    <ClInclude Include="cppvk\objects\commandpool.h">
      <Filter>cppvk\objects</Filter>
    </ClInclude>
    <ClInclude Include="cppvk\variant.h">
      <Filter>cppvk</Filter>
    </ClInclude>
    <ClInclude Include="cppvk\allocator\commandbuffer.h">
      <Filter>cppvk\allocator</Filter>
    </ClInclude>
    <ClInclude Include="cppvk\objects\swapchain.h">
      <Filter>cppvk\objects</Filter>
    </ClInclude>
    <ClInclude Include="cppvk\builders\swapchainbuilder.h">
      <Filter>cppvk\builders</Filter>
    </ClInclude>
    <ClInclude Include="cppvk\allocator\devicememory.h">
      <Filter>cppvk\allocator</Filter>
    </ClInclude>
    <ClInclude Include="cppvk\objects\image.h">
      <Filter>cppvk\objects</Filter>
    </ClInclude>
    <ClInclude Include="cppvk\builders\imagebuilder.h">
      <Filter>cppvk\builders</Filter>
    </ClInclude>
  </ItemGroup>
  <ItemGroup>
    <Filter Include="cppvk">
      <UniqueIdentifier>{c8a27406-757e-4672-be1e-002e4b8c84b0}</UniqueIdentifier>
    </Filter>
    <Filter Include="window">
      <UniqueIdentifier>{dc1fe82d-ad6c-4c11-8e45-4b0b8fa761c8}</UniqueIdentifier>
    </Filter>
    <Filter Include="cppvk\objects">
      <UniqueIdentifier>{8598f805-34cc-4c67-bf96-2972def6b3d0}</UniqueIdentifier>
    </Filter>
    <Filter Include="cppvk\builders">
      <UniqueIdentifier>{0c436dc2-457f-4452-99d8-7ebf30faecd9}</UniqueIdentifier>
    </Filter>
    <Filter Include="cppvk\physicaldevice">
      <UniqueIdentifier>{4b43fbf1-c13a-483d-a5fa-8033878d1cf6}</UniqueIdentifier>
    </Filter>
    <Filter Include="cppvk\info">
      <UniqueIdentifier>{a40488a0-1203-40b2-ada9-d848efaa37e0}</UniqueIdentifier>
    </Filter>
    <Filter Include="cppvk\allocator">
      <UniqueIdentifier>{439fa3a0-e1e7-476e-ad9c-1aaef1a0b6ea}</UniqueIdentifier>
    </Filter>
  </ItemGroup>
</Project>